
Microsoft Visual Studio Solution File, Format Version 12.00
# Visual Studio Version 17
VisualStudioVersion = 17.6.33815.320
MinimumVisualStudioVersion = 10.0.40219.1
Project("{FAE04EC0-301F-11D3-BF4B-00C04F79EFBC}") = "Interview_API", "Interview_API.csproj", "{91B95086-8214-4950-8C03-CCDC57DE6E13}"
EndProject
Global
	GlobalSection(SolutionConfigurationPlatforms) = preSolution
		Debug|Any CPU = Debug|Any CPU
		Release|Any CPU = Release|Any CPU
	EndGlobalSection
	GlobalSection(ProjectConfigurationPlatforms) = postSolution
		{91B95086-8214-4950-8C03-CCDC57DE6E13}.Debug|Any CPU.ActiveCfg = Debug|Any CPU
		{91B95086-8214-4950-8C03-CCDC57DE6E13}.Debug|Any CPU.Build.0 = Debug|Any CPU
		{91B95086-8214-4950-8C03-CCDC57DE6E13}.Release|Any CPU.ActiveCfg = Release|Any CPU
		{91B95086-8214-4950-8C03-CCDC57DE6E13}.Release|Any CPU.Build.0 = Release|Any CPU
	EndGlobalSection
	GlobalSection(SolutionProperties) = preSolution
		HideSolutionNode = FALSE
	EndGlobalSection
	GlobalSection(ExtensibilityGlobals) = postSolution
		SolutionGuid = {CF01BCBB-8974-4224-9E66-9EE95B247FA0}
	EndGlobalSection
EndGlobal
